
Microsoft Visual Studio Solution File, Format Version 12.00
# Visual Studio 14
VisualStudioVersion = 14.0.25420.1
MinimumVisualStudioVersion = 10.0.40219.1
Project("{FAE04EC0-301F-11D3-BF4B-00C04F79EFBC}") = "PartsBase.Demo.Data.Sql", "PartsBase.Demo.Data.Sql\PartsBase.Demo.Data.Sql.csproj", "{B38AC0E7-658B-46D7-B5B9-8B38A2C3D714}"
EndProject
Project("{FAE04EC0-301F-11D3-BF4B-00C04F79EFBC}") = "PartsBase.Demo.Common", "PartsBase.Demo.Common\PartsBase.Demo.Common.csproj", "{78206630-1F32-4ECA-B30D-4223412D939B}"
EndProject
Project("{FAE04EC0-301F-11D3-BF4B-00C04F79EFBC}") = "PartsBase.Demo.Model", "PartsBase.Demo.Model\PartsBase.Demo.Model.csproj", "{1A476304-2466-413C-AA34-894371DB4354}"
EndProject
Project("{FAE04EC0-301F-11D3-BF4B-00C04F79EFBC}") = "UBS.Site.Demo", "UBS.Site.Demo\UBS.Site.Demo.csproj", "{8152C086-5892-4A3E-A4E7-35DD639475DB}"
EndProject
Project("{2150E333-8FDC-42A3-9474-1A3956D46DE8}") = "DataBases", "DataBases", "{B499AED2-85DD-4A6E-B73D-A75867C6D862}"
EndProject
Project("{00D1A9C2-B5F0-4AF3-8072-F6C62B433612}") = "PartsBaseDemo", "PartsBaseDemo\PartsBaseDemo.sqlproj", "{38483688-92E8-409C-A457-408AF96AE4DB}"
EndProject
Global
	GlobalSection(SolutionConfigurationPlatforms) = preSolution
		Debug|Any CPU = Debug|Any CPU
		Release|Any CPU = Release|Any CPU
	EndGlobalSection
	GlobalSection(ProjectConfigurationPlatforms) = postSolution
		{B38AC0E7-658B-46D7-B5B9-8B38A2C3D714}.Debug|Any CPU.ActiveCfg = Debug|Any CPU
		{B38AC0E7-658B-46D7-B5B9-8B38A2C3D714}.Debug|Any CPU.Build.0 = Debug|Any CPU
		{B38AC0E7-658B-46D7-B5B9-8B38A2C3D714}.Release|Any CPU.ActiveCfg = Release|Any CPU
		{B38AC0E7-658B-46D7-B5B9-8B38A2C3D714}.Release|Any CPU.Build.0 = Release|Any CPU
		{78206630-1F32-4ECA-B30D-4223412D939B}.Debug|Any CPU.ActiveCfg = Debug|Any CPU
		{78206630-1F32-4ECA-B30D-4223412D939B}.Debug|Any CPU.Build.0 = Debug|Any CPU
		{78206630-1F32-4ECA-B30D-4223412D939B}.Release|Any CPU.ActiveCfg = Release|Any CPU
		{78206630-1F32-4ECA-B30D-4223412D939B}.Release|Any CPU.Build.0 = Release|Any CPU
		{1A476304-2466-413C-AA34-894371DB4354}.Debug|Any CPU.ActiveCfg = Debug|Any CPU
		{1A476304-2466-413C-AA34-894371DB4354}.Debug|Any CPU.Build.0 = Debug|Any CPU
		{1A476304-2466-413C-AA34-894371DB4354}.Release|Any CPU.ActiveCfg = Release|Any CPU
		{1A476304-2466-413C-AA34-894371DB4354}.Release|Any CPU.Build.0 = Release|Any CPU
		{8152C086-5892-4A3E-A4E7-35DD639475DB}.Debug|Any CPU.ActiveCfg = Debug|Any CPU
		{8152C086-5892-4A3E-A4E7-35DD639475DB}.Debug|Any CPU.Build.0 = Debug|Any CPU
		{8152C086-5892-4A3E-A4E7-35DD639475DB}.Release|Any CPU.ActiveCfg = Release|Any CPU
		{8152C086-5892-4A3E-A4E7-35DD639475DB}.Release|Any CPU.Build.0 = Release|Any CPU
		{38483688-92E8-409C-A457-408AF96AE4DB}.Debug|Any CPU.ActiveCfg = Debug|Any CPU
		{38483688-92E8-409C-A457-408AF96AE4DB}.Debug|Any CPU.Build.0 = Debug|Any CPU
		{38483688-92E8-409C-A457-408AF96AE4DB}.Debug|Any CPU.Deploy.0 = Debug|Any CPU
		{38483688-92E8-409C-A457-408AF96AE4DB}.Release|Any CPU.ActiveCfg = Release|Any CPU
		{38483688-92E8-409C-A457-408AF96AE4DB}.Release|Any CPU.Build.0 = Release|Any CPU
		{38483688-92E8-409C-A457-408AF96AE4DB}.Release|Any CPU.Deploy.0 = Release|Any CPU
	EndGlobalSection
	GlobalSection(SolutionProperties) = preSolution
		HideSolutionNode = FALSE
	EndGlobalSection
	GlobalSection(NestedProjects) = preSolution
		{38483688-92E8-409C-A457-408AF96AE4DB} = {B499AED2-85DD-4A6E-B73D-A75867C6D862}
	EndGlobalSection
EndGlobal
